// !$*UTF8*$!
{
	archiveVersion = 1;
	classes = {
	};
	objectVersion = 56;
	objects = {

/* Begin PBXBuildFile section */
		9641FEF42A12C98D00DDD3EB /* StudentRepository+HistoryTracking.swift in Sources */ = {isa = PBXBuildFile; fileRef = 9641FEF32A12C98D00DDD3EB /* StudentRepository+HistoryTracking.swift */; };
		96C005152A09981F009E977E /* StudentRepository+DeleteStudent.swift in Sources */ = {isa = PBXBuildFile; fileRef = 96C005142A09981F009E977E /* StudentRepository+DeleteStudent.swift */; };
		96DE24382A07D30A004AEF11 /* AppDelegate.swift in Sources */ = {isa = PBXBuildFile; fileRef = 96DE24372A07D30A004AEF11 /* AppDelegate.swift */; };
		96DE243A2A07D30A004AEF11 /* SceneDelegate.swift in Sources */ = {isa = PBXBuildFile; fileRef = 96DE24392A07D30A004AEF11 /* SceneDelegate.swift */; };
		96DE243F2A07D30A004AEF11 /* Main.storyboard in Resources */ = {isa = PBXBuildFile; fileRef = 96DE243D2A07D30A004AEF11 /* Main.storyboard */; };
		96DE24412A07D30A004AEF11 /* Assets.xcassets in Resources */ = {isa = PBXBuildFile; fileRef = 96DE24402A07D30A004AEF11 /* Assets.xcassets */; };
		96DE24442A07D30A004AEF11 /* LaunchScreen.storyboard in Resources */ = {isa = PBXBuildFile; fileRef = 96DE24422A07D30A004AEF11 /* LaunchScreen.storyboard */; };
		96DE244D2A07D3C6004AEF11 /* DataModelPOC.xcdatamodeld in Sources */ = {isa = PBXBuildFile; fileRef = 96DE244B2A07D3C6004AEF11 /* DataModelPOC.xcdatamodeld */; };
		96DE24512A07D50F004AEF11 /* PersistenceController.swift in Sources */ = {isa = PBXBuildFile; fileRef = 96DE24502A07D50F004AEF11 /* PersistenceController.swift */; };
		96DE24532A081860004AEF11 /* EntityListTableViewController.swift in Sources */ = {isa = PBXBuildFile; fileRef = 96DE24522A081860004AEF11 /* EntityListTableViewController.swift */; };
		96DE24552A081B0E004AEF11 /* StudentRepository.swift in Sources */ = {isa = PBXBuildFile; fileRef = 96DE24542A081B0E004AEF11 /* StudentRepository.swift */; };
		96DE245F2A0831F4004AEF11 /* BackgroundOperation.swift in Sources */ = {isa = PBXBuildFile; fileRef = 96DE245E2A0831F4004AEF11 /* BackgroundOperation.swift */; };
		96DE24652A0832C1004AEF11 /* StudentRepository+AddStudent.swift in Sources */ = {isa = PBXBuildFile; fileRef = 96DE24642A0832C1004AEF11 /* StudentRepository+AddStudent.swift */; };
/* End PBXBuildFile section */

/* Begin PBXFileReference section */
		9641FEF32A12C98D00DDD3EB /* StudentRepository+HistoryTracking.swift */ = {isa = PBXFileReference; lastKnownFileType = sourcecode.swift; path = "StudentRepository+HistoryTracking.swift"; sourceTree = "<group>"; };
		96C005142A09981F009E977E /* StudentRepository+DeleteStudent.swift */ = {isa = PBXFileReference; lastKnownFileType = sourcecode.swift; path = "StudentRepository+DeleteStudent.swift"; sourceTree = "<group>"; };
		96DE24342A07D30A004AEF11 /* CoreDataPOC.app */ = {isa = PBXFileReference; explicitFileType = wrapper.application; includeInIndex = 0; path = CoreDataPOC.app; sourceTree = BUILT_PRODUCTS_DIR; };
		96DE24372A07D30A004AEF11 /* AppDelegate.swift */ = {isa = PBXFileReference; lastKnownFileType = sourcecode.swift; path = AppDelegate.swift; sourceTree = "<group>"; };
		96DE24392A07D30A004AEF11 /* SceneDelegate.swift */ = {isa = PBXFileReference; lastKnownFileType = sourcecode.swift; path = SceneDelegate.swift; sourceTree = "<group>"; };
		96DE243E2A07D30A004AEF11 /* Base */ = {isa = PBXFileReference; lastKnownFileType = file.storyboard; name = Base; path = Base.lproj/Main.storyboard; sourceTree = "<group>"; };
		96DE24402A07D30A004AEF11 /* Assets.xcassets */ = {isa = PBXFileReference; lastKnownFileType = folder.assetcatalog; path = Assets.xcassets; sourceTree = "<group>"; };
		96DE24432A07D30A004AEF11 /* Base */ = {isa = PBXFileReference; lastKnownFileType = file.storyboard; name = Base; path = Base.lproj/LaunchScreen.storyboard; sourceTree = "<group>"; };
		96DE24452A07D30A004AEF11 /* Info.plist */ = {isa = PBXFileReference; lastKnownFileType = text.plist.xml; path = Info.plist; sourceTree = "<group>"; };
		96DE244C2A07D3C6004AEF11 /* DataModelPOC.xcdatamodel */ = {isa = PBXFileReference; lastKnownFileType = wrapper.xcdatamodel; path = DataModelPOC.xcdatamodel; sourceTree = "<group>"; };
		96DE24502A07D50F004AEF11 /* PersistenceController.swift */ = {isa = PBXFileReference; lastKnownFileType = sourcecode.swift; path = PersistenceController.swift; sourceTree = "<group>"; };
		96DE24522A081860004AEF11 /* EntityListTableViewController.swift */ = {isa = PBXFileReference; lastKnownFileType = sourcecode.swift; path = EntityListTableViewController.swift; sourceTree = "<group>"; };
		96DE24542A081B0E004AEF11 /* StudentRepository.swift */ = {isa = PBXFileReference; lastKnownFileType = sourcecode.swift; path = StudentRepository.swift; sourceTree = "<group>"; };
		96DE245E2A0831F4004AEF11 /* BackgroundOperation.swift */ = {isa = PBXFileReference; lastKnownFileType = sourcecode.swift; path = BackgroundOperation.swift; sourceTree = "<group>"; };
		96DE24642A0832C1004AEF11 /* StudentRepository+AddStudent.swift */ = {isa = PBXFileReference; lastKnownFileType = sourcecode.swift; path = "StudentRepository+AddStudent.swift"; sourceTree = "<group>"; };
/* End PBXFileReference section */

/* Begin PBXFrameworksBuildPhase section */
		96DE24312A07D30A004AEF11 /* Frameworks */ = {
			isa = PBXFrameworksBuildPhase;
			buildActionMask = 2147483647;
			files = (
			);
			runOnlyForDeploymentPostprocessing = 0;
		};
/* End PBXFrameworksBuildPhase section */

/* Begin PBXGroup section */
		96DE242B2A07D309004AEF11 = {
			isa = PBXGroup;
			children = (
				96DE24362A07D30A004AEF11 /* CoreDataPOC */,
				96DE24352A07D30A004AEF11 /* Products */,
			);
			sourceTree = "<group>";
		};
		96DE24352A07D30A004AEF11 /* Products */ = {
			isa = PBXGroup;
			children = (
				96DE24342A07D30A004AEF11 /* CoreDataPOC.app */,
			);
			name = Products;
			sourceTree = "<group>";
		};
		96DE24362A07D30A004AEF11 /* CoreDataPOC */ = {
			isa = PBXGroup;
			children = (
				96DE245B2A08314A004AEF11 /* Repositories */,
				96DE245A2A08313D004AEF11 /* PersistenceController */,
				96DE24592A08312B004AEF11 /* DataModel */,
				96DE24582A08311F004AEF11 /* Storyboards */,
				96DE24572A08310F004AEF11 /* ViewControllers */,
				96DE24562A0830FD004AEF11 /* Application */,
				96DE24402A07D30A004AEF11 /* Assets.xcassets */,
				96DE24452A07D30A004AEF11 /* Info.plist */,
			);
			path = CoreDataPOC;
			sourceTree = "<group>";
		};
		96DE24562A0830FD004AEF11 /* Application */ = {
			isa = PBXGroup;
			children = (
				96DE24372A07D30A004AEF11 /* AppDelegate.swift */,
				96DE24392A07D30A004AEF11 /* SceneDelegate.swift */,
			);
			path = Application;
			sourceTree = "<group>";
		};
		96DE24572A08310F004AEF11 /* ViewControllers */ = {
			isa = PBXGroup;
			children = (
				96DE24522A081860004AEF11 /* EntityListTableViewController.swift */,
			);
			path = ViewControllers;
			sourceTree = "<group>";
		};
		96DE24582A08311F004AEF11 /* Storyboards */ = {
			isa = PBXGroup;
			children = (
				96DE243D2A07D30A004AEF11 /* Main.storyboard */,
				96DE24422A07D30A004AEF11 /* LaunchScreen.storyboard */,
			);
			path = Storyboards;
			sourceTree = "<group>";
		};
		96DE24592A08312B004AEF11 /* DataModel */ = {
			isa = PBXGroup;
			children = (
				96DE244B2A07D3C6004AEF11 /* DataModelPOC.xcdatamodeld */,
			);
			path = DataModel;
			sourceTree = "<group>";
		};
		96DE245A2A08313D004AEF11 /* PersistenceController */ = {
			isa = PBXGroup;
			children = (
				96DE24502A07D50F004AEF11 /* PersistenceController.swift */,
				96DE245E2A0831F4004AEF11 /* BackgroundOperation.swift */,
			);
			path = PersistenceController;
			sourceTree = "<group>";
		};
		96DE245B2A08314A004AEF11 /* Repositories */ = {
			isa = PBXGroup;
			children = (
				96DE24542A081B0E004AEF11 /* StudentRepository.swift */,
				96DE24642A0832C1004AEF11 /* StudentRepository+AddStudent.swift */,
				96C005142A09981F009E977E /* StudentRepository+DeleteStudent.swift */,
				9641FEF32A12C98D00DDD3EB /* StudentRepository+HistoryTracking.swift */,
			);
			path = Repositories;
			sourceTree = "<group>";
		};
/* End PBXGroup section */

/* Begin PBXNativeTarget section */
		96DE24332A07D30A004AEF11 /* CoreDataPOC */ = {
			isa = PBXNativeTarget;
			buildConfigurationList = 96DE24482A07D30A004AEF11 /* Build configuration list for PBXNativeTarget "CoreDataPOC" */;
			buildPhases = (
				96DE24302A07D30A004AEF11 /* Sources */,
				96DE24312A07D30A004AEF11 /* Frameworks */,
				96DE24322A07D30A004AEF11 /* Resources */,
			);
			buildRules = (
			);
			dependencies = (
			);
			name = CoreDataPOC;
			productName = CoreDataPOC;
			productReference = 96DE24342A07D30A004AEF11 /* CoreDataPOC.app */;
			productType = "com.apple.product-type.application";
		};
/* End PBXNativeTarget section */

/* Begin PBXProject section */
		96DE242C2A07D309004AEF11 /* Project object */ = {
			isa = PBXProject;
			attributes = {
				BuildIndependentTargetsInParallel = 1;
				LastSwiftUpdateCheck = 1430;
				LastUpgradeCheck = 1430;
				TargetAttributes = {
					96DE24332A07D30A004AEF11 = {
						CreatedOnToolsVersion = 14.3;
					};
				};
			};
			buildConfigurationList = 96DE242F2A07D309004AEF11 /* Build configuration list for PBXProject "CoreDataPOC" */;
			compatibilityVersion = "Xcode 14.0";
			developmentRegion = en;
			hasScannedForEncodings = 0;
			knownRegions = (
				en,
				Base,
			);
			mainGroup = 96DE242B2A07D309004AEF11;
			productRefGroup = 96DE24352A07D30A004AEF11 /* Products */;
			projectDirPath = "";
			projectRoot = "";
			targets = (
				96DE24332A07D30A004AEF11 /* CoreDataPOC */,
			);
		};
/* End PBXProject section */

/* Begin PBXResourcesBuildPhase section */
		96DE24322A07D30A004AEF11 /* Resources */ = {
			isa = PBXResourcesBuildPhase;
			buildActionMask = 2147483647;
			files = (
				96DE24442A07D30A004AEF11 /* LaunchScreen.storyboard in Resources */,
				96DE24412A07D30A004AEF11 /* Assets.xcassets in Resources */,
				96DE243F2A07D30A004AEF11 /* Main.storyboard in Resources */,
			);
			runOnlyForDeploymentPostprocessing = 0;
		};
/* End PBXResourcesBuildPhase section */

/* Begin PBXSourcesBuildPhase section */
		96DE24302A07D30A004AEF11 /* Sources */ = {
			isa = PBXSourcesBuildPhase;
			buildActionMask = 2147483647;
			files = (
				96DE24532A081860004AEF11 /* EntityListTableViewController.swift in Sources */,
				96DE24382A07D30A004AEF11 /* AppDelegate.swift in Sources */,
				96DE24652A0832C1004AEF11 /* StudentRepository+AddStudent.swift in Sources */,
				96DE244D2A07D3C6004AEF11 /* DataModelPOC.xcdatamodeld in Sources */,
				96C005152A09981F009E977E /* StudentRepository+DeleteStudent.swift in Sources */,
				96DE243A2A07D30A004AEF11 /* SceneDelegate.swift in Sources */,
				96DE245F2A0831F4004AEF11 /* BackgroundOperation.swift in Sources */,
				96DE24552A081B0E004AEF11 /* StudentRepository.swift in Sources */,
				96DE24512A07D50F004AEF11 /* PersistenceController.swift in Sources */,
				9641FEF42A12C98D00DDD3EB /* StudentRepository+HistoryTracking.swift in Sources */,
			);
			runOnlyForDeploymentPostprocessing = 0;
		};
/* End PBXSourcesBuildPhase section */

/* Begin PBXVariantGroup section */
		96DE243D2A07D30A004AEF11 /* Main.storyboard */ = {
			isa = PBXVariantGroup;
			children = (
				96DE243E2A07D30A004AEF11 /* Base */,
			);
			name = Main.storyboard;
			sourceTree = "<group>";
		};
		96DE24422A07D30A004AEF11 /* LaunchScreen.storyboard */ = {
			isa = PBXVariantGroup;
			children = (
				96DE24432A07D30A004AEF11 /* Base */,
			);
			name = LaunchScreen.storyboard;
			sourceTree = "<group>";
		};
/* End PBXVariantGroup section */

/* Begin XCBuildConfiguration section */
		96DE24462A07D30A004AEF11 /* Debug */ = {
			isa = XCBuildConfiguration;
			buildSettings = {
				ALWAYS_SEARCH_USER_PATHS = NO;
				CLANG_ANALYZER_NONNULL = YES;
				CLANG_ANALYZER_NUMBER_OBJECT_CONVERSION = YES_AGGRESSIVE;
				CLANG_CXX_LANGUAGE_STANDARD = "gnu++20";
				CLANG_ENABLE_MODULES = YES;
				CLANG_ENABLE_OBJC_ARC = YES;
				CLANG_ENABLE_OBJC_WEAK = YES;
				CLANG_WARN_BLOCK_CAPTURE_AUTORELEASING = YES;
				CLANG_WARN_BOOL_CONVERSION = YES;
				CLANG_WARN_COMMA = YES;
				CLANG_WARN_CONSTANT_CONVERSION = YES;
				CLANG_WARN_DEPRECATED_OBJC_IMPLEMENTATIONS = YES;
				CLANG_WARN_DIRECT_OBJC_ISA_USAGE = YES_ERROR;
				CLANG_WARN_DOCUMENTATION_COMMENTS = YES;
				CLANG_WARN_EMPTY_BODY = YES;
				CLANG_WARN_ENUM_CONVERSION = YES;
				CLANG_WARN_INFINITE_RECURSION = YES;
				CLANG_WARN_INT_CONVERSION = YES;
				CLANG_WARN_NON_LITERAL_NULL_CONVERSION = YES;
				CLANG_WARN_OBJC_IMPLICIT_RETAIN_SELF = YES;
				CLANG_WARN_OBJC_LITERAL_CONVERSION = YES;
				CLANG_WARN_OBJC_ROOT_CLASS = YES_ERROR;
				CLANG_WARN_QUOTED_INCLUDE_IN_FRAMEWORK_HEADER = YES;
				CLANG_WARN_RANGE_LOOP_ANALYSIS = YES;
				CLANG_WARN_STRICT_PROTOTYPES = YES;
				CLANG_WARN_SUSPICIOUS_MOVE = YES;
				CLANG_WARN_UNGUARDED_AVAILABILITY = YES_AGGRESSIVE;
				CLANG_WARN_UNREACHABLE_CODE = YES;
				CLANG_WARN__DUPLICATE_METHOD_MATCH = YES;
				COPY_PHASE_STRIP = NO;
				DEBUG_INFORMATION_FORMAT = dwarf;
				ENABLE_STRICT_OBJC_MSGSEND = YES;
				ENABLE_TESTABILITY = YES;
				GCC_C_LANGUAGE_STANDARD = gnu11;
				GCC_DYNAMIC_NO_PIC = NO;
				GCC_NO_COMMON_BLOCKS = YES;
				GCC_OPTIMIZATION_LEVEL = 0;
				GCC_PREPROCESSOR_DEFINITIONS = (
					"DEBUG=1",
					"$(inherited)",
				);
				GCC_WARN_64_TO_32_BIT_CONVERSION = YES;
				GCC_WARN_ABOUT_RETURN_TYPE = YES_ERROR;
				GCC_WARN_UNDECLARED_SELECTOR = YES;
				GCC_WARN_UNINITIALIZED_AUTOS = YES_AGGRESSIVE;
				GCC_WARN_UNUSED_FUNCTION = YES;
				GCC_WARN_UNUSED_VARIABLE = YES;
				IPHONEOS_DEPLOYMENT_TARGET = 16.4;
				MTL_ENABLE_DEBUG_INFO = INCLUDE_SOURCE;
				MTL_FAST_MATH = YES;
				ONLY_ACTIVE_ARCH = YES;
				SDKROOT = iphoneos;
				SWIFT_ACTIVE_COMPILATION_CONDITIONS = DEBUG;
				SWIFT_OPTIMIZATION_LEVEL = "-Onone";
			};
			name = Debug;
		};
		96DE24472A07D30A004AEF11 /* Release */ = {
			isa = XCBuildConfiguration;
			buildSettings = {
				ALWAYS_SEARCH_USER_PATHS = NO;
				CLANG_ANALYZER_NONNULL = YES;
				CLANG_ANALYZER_NUMBER_OBJECT_CONVERSION = YES_AGGRESSIVE;
				CLANG_CXX_LANGUAGE_STANDARD = "gnu++20";
				CLANG_ENABLE_MODULES = YES;
				CLANG_ENABLE_OBJC_ARC = YES;
				CLANG_ENABLE_OBJC_WEAK = YES;
				CLANG_WARN_BLOCK_CAPTURE_AUTORELEASING = YES;
				CLANG_WARN_BOOL_CONVERSION = YES;
				CLANG_WARN_COMMA = YES;
				CLANG_WARN_CONSTANT_CONVERSION = YES;
				CLANG_WARN_DEPRECATED_OBJC_IMPLEMENTATIONS = YES;
				CLANG_WARN_DIRECT_OBJC_ISA_USAGE = YES_ERROR;
				CLANG_WARN_DOCUMENTATION_COMMENTS = YES;
				CLANG_WARN_EMPTY_BODY = YES;
				CLANG_WARN_ENUM_CONVERSION = YES;
				CLANG_WARN_INFINITE_RECURSION = YES;
				CLANG_WARN_INT_CONVERSION = YES;
				CLANG_WARN_NON_LITERAL_NULL_CONVERSION = YES;
				CLANG_WARN_OBJC_IMPLICIT_RETAIN_SELF = YES;
				CLANG_WARN_OBJC_LITERAL_CONVERSION = YES;
				CLANG_WARN_OBJC_ROOT_CLASS = YES_ERROR;
				CLANG_WARN_QUOTED_INCLUDE_IN_FRAMEWORK_HEADER = YES;
				CLANG_WARN_RANGE_LOOP_ANALYSIS = YES;
				CLANG_WARN_STRICT_PROTOTYPES = YES;
				CLANG_WARN_SUSPICIOUS_MOVE = YES;
				CLANG_WARN_UNGUARDED_AVAILABILITY = YES_AGGRESSIVE;
				CLANG_WARN_UNREACHABLE_CODE = YES;
				CLANG_WARN__DUPLICATE_METHOD_MATCH = YES;
				COPY_PHASE_STRIP = NO;
				DEBUG_INFORMATION_FORMAT = "dwarf-with-dsym";
				ENABLE_NS_ASSERTIONS = NO;
				ENABLE_STRICT_OBJC_MSGSEND = YES;
				GCC_C_LANGUAGE_STANDARD = gnu11;
				GCC_NO_COMMON_BLOCKS = YES;
				GCC_WARN_64_TO_32_BIT_CONVERSION = YES;
				GCC_WARN_ABOUT_RETURN_TYPE = YES_ERROR;
				GCC_WARN_UNDECLARED_SELECTOR = YES;
				GCC_WARN_UNINITIALIZED_AUTOS = YES_AGGRESSIVE;
				GCC_WARN_UNUSED_FUNCTION = YES;
				GCC_WARN_UNUSED_VARIABLE = YES;
				IPHONEOS_DEPLOYMENT_TARGET = 16.4;
				MTL_ENABLE_DEBUG_INFO = NO;
				MTL_FAST_MATH = YES;
				SDKROOT = iphoneos;
				SWIFT_COMPILATION_MODE = wholemodule;
				SWIFT_OPTIMIZATION_LEVEL = "-O";
				VALIDATE_PRODUCT = YES;
			};
			name = Release;
		};
		96DE24492A07D30A004AEF11 /* Debug */ = {
			isa = XCBuildConfiguration;
			buildSettings = {
				ASSETCATALOG_COMPILER_APPICON_NAME = AppIcon;
				ASSETCATALOG_COMPILER_GLOBAL_ACCENT_COLOR_NAME = AccentColor;
				CODE_SIGN_STYLE = Automatic;
				CURRENT_PROJECT_VERSION = 1;
				DEVELOPMENT_TEAM = 4H7F97VXG7;
				GENERATE_INFOPLIST_FILE = YES;
				INFOPLIST_FILE = CoreDataPOC/Info.plist;
				INFOPLIST_KEY_UIApplicationSupportsIndirectInputEvents = YES;
				INFOPLIST_KEY_UILaunchStoryboardName = LaunchScreen;
				INFOPLIST_KEY_UIMainStoryboardFile = Main;
				INFOPLIST_KEY_UISupportedInterfaceOrientations_iPad = "UIInterfaceOrientationPortrait UIInterfaceOrientationPortraitUpsideDown UIInterfaceOrientationLandscapeLeft UIInterfaceOrientationLandscapeRight";
				INFOPLIST_KEY_UISupportedInterfaceOrientations_iPhone = "UIInterfaceOrientationPortrait UIInterfaceOrientationLandscapeLeft UIInterfaceOrientationLandscapeRight";
				LD_RUNPATH_SEARCH_PATHS = (
					"$(inherited)",
					"@executable_path/Frameworks",
				);
				MARKETING_VERSION = 1.0;
				PRODUCT_BUNDLE_IDENTIFIER = com.PanTurtle.CoreDataPOC;
				PRODUCT_NAME = "$(TARGET_NAME)";
				SWIFT_EMIT_LOC_STRINGS = YES;
				SWIFT_VERSION = 5.0;
				TARGETED_DEVICE_FAMILY = "1,2";
			};
			name = Debug;
		};
		96DE244A2A07D30A004AEF11 /* Release */ = {
			isa = XCBuildConfiguration;
			buildSettings = {
				ASSETCATALOG_COMPILER_APPICON_NAME = AppIcon;
				ASSETCATALOG_COMPILER_GLOBAL_ACCENT_COLOR_NAME = AccentColor;
				CODE_SIGN_STYLE = Automatic;
				CURRENT_PROJECT_VERSION = 1;
				DEVELOPMENT_TEAM = 4H7F97VXG7;
				GENERATE_INFOPLIST_FILE = YES;
				INFOPLIST_FILE = CoreDataPOC/Info.plist;
				INFOPLIST_KEY_UIApplicationSupportsIndirectInputEvents = YES;
				INFOPLIST_KEY_UILaunchStoryboardName = LaunchScreen;
				INFOPLIST_KEY_UIMainStoryboardFile = Main;
				INFOPLIST_KEY_UISupportedInterfaceOrientations_iPad = "UIInterfaceOrientationPortrait UIInterfaceOrientationPortraitUpsideDown UIInterfaceOrientationLandscapeLeft UIInterfaceOrientationLandscapeRight";
				INFOPLIST_KEY_UISupportedInterfaceOrientations_iPhone = "UIInterfaceOrientationPortrait UIInterfaceOrientationLandscapeLeft UIInterfaceOrientationLandscapeRight";
				LD_RUNPATH_SEARCH_PATHS = (
					"$(inherited)",
					"@executable_path/Frameworks",
				);
				MARKETING_VERSION = 1.0;
				PRODUCT_BUNDLE_IDENTIFIER = com.PanTurtle.CoreDataPOC;
				PRODUCT_NAME = "$(TARGET_NAME)";
				SWIFT_EMIT_LOC_STRINGS = YES;
				SWIFT_VERSION = 5.0;
				TARGETED_DEVICE_FAMILY = "1,2";
			};
			name = Release;
		};
/* End XCBuildConfiguration section */

/* Begin XCConfigurationList section */
		96DE242F2A07D309004AEF11 /* Build configuration list for PBXProject "CoreDataPOC" */ = {
			isa = XCConfigurationList;
			buildConfigurations = (
				96DE24462A07D30A004AEF11 /* Debug */,
				96DE24472A07D30A004AEF11 /* Release */,
			);
			defaultConfigurationIsVisible = 0;
			defaultConfigurationName = Release;
		};
		96DE24482A07D30A004AEF11 /* Build configuration list for PBXNativeTarget "CoreDataPOC" */ = {
			isa = XCConfigurationList;
			buildConfigurations = (
				96DE24492A07D30A004AEF11 /* Debug */,
				96DE244A2A07D30A004AEF11 /* Release */,
			);
			defaultConfigurationIsVisible = 0;
			defaultConfigurationName = Release;
		};
/* End XCConfigurationList section */

/* Begin XCVersionGroup section */
		96DE244B2A07D3C6004AEF11 /* DataModelPOC.xcdatamodeld */ = {
			isa = XCVersionGroup;
			children = (
				96DE244C2A07D3C6004AEF11 /* DataModelPOC.xcdatamodel */,
			);
			currentVersion = 96DE244C2A07D3C6004AEF11 /* DataModelPOC.xcdatamodel */;
			path = DataModelPOC.xcdatamodeld;
			sourceTree = "<group>";
			versionGroupType = wrapper.xcdatamodel;
		};
/* End XCVersionGroup section */
	};
	rootObject = 96DE242C2A07D309004AEF11 /* Project object */;
}
